// !$*UTF8*$!
{
	archiveVersion = 1;
	classes = {
	};
	objectVersion = 46;
	objects = {

/* Begin PBXBuildFile section */
		5EB509261A8A556C0036D584 /* DotLinkedSegue.h in Headers */ = {isa = PBXBuildFile; fileRef = 5EB509251A8A556C0036D584 /* DotLinkedSegue.h */; settings = {ATTRIBUTES = (Public, ); }; };
		5EB5092C1A8A556C0036D584 /* DotLinkedSegue.framework in Frameworks */ = {isa = PBXBuildFile; fileRef = 5EB509201A8A556C0036D584 /* DotLinkedSegue.framework */; };
		5EB509331A8A556C0036D584 /* DotLinkedSegueTests.m in Sources */ = {isa = PBXBuildFile; fileRef = 5EB509321A8A556C0036D584 /* DotLinkedSegueTests.m */; };
		5EB5093E1A8A55B50036D584 /* EHDotLinkedStoryboardSegue.h in Headers */ = {isa = PBXBuildFile; fileRef = 5EB5093C1A8A55B50036D584 /* EHDotLinkedStoryboardSegue.h */; };
		5EB5093F1A8A55B50036D584 /* EHDotLinkedStoryboardSegue.m in Sources */ = {isa = PBXBuildFile; fileRef = 5EB5093D1A8A55B50036D584 /* EHDotLinkedStoryboardSegue.m */; };
/* End PBXBuildFile section */

/* Begin PBXContainerItemProxy section */
		5EB5092D1A8A556C0036D584 /* PBXContainerItemProxy */ = {
			isa = PBXContainerItemProxy;
			containerPortal = 5EB509171A8A556C0036D584 /* Project object */;
			proxyType = 1;
			remoteGlobalIDString = 5EB5091F1A8A556C0036D584;
			remoteInfo = DotLinkedSegue;
		};
/* End PBXContainerItemProxy section */

/* Begin PBXFileReference section */
		5EB509201A8A556C0036D584 /* DotLinkedSegue.framework */ = {isa = PBXFileReference; explicitFileType = wrapper.framework; includeInIndex = 0; path = DotLinkedSegue.framework; sourceTree = BUILT_PRODUCTS_DIR; };
		5EB509241A8A556C0036D584 /* Info.plist */ = {isa = PBXFileReference; lastKnownFileType = text.plist.xml; path = Info.plist; sourceTree = "<group>"; };
		5EB509251A8A556C0036D584 /* DotLinkedSegue.h */ = {isa = PBXFileReference; lastKnownFileType = sourcecode.c.h; path = DotLinkedSegue.h; sourceTree = "<group>"; };
		5EB5092B1A8A556C0036D584 /* DotLinkedSegueTests.xctest */ = {isa = PBXFileReference; explicitFileType = wrapper.cfbundle; includeInIndex = 0; path = DotLinkedSegueTests.xctest; sourceTree = BUILT_PRODUCTS_DIR; };
		5EB509311A8A556C0036D584 /* Info.plist */ = {isa = PBXFileReference; lastKnownFileType = text.plist.xml; path = Info.plist; sourceTree = "<group>"; };
		5EB509321A8A556C0036D584 /* DotLinkedSegueTests.m */ = {isa = PBXFileReference; lastKnownFileType = sourcecode.c.objc; path = DotLinkedSegueTests.m; sourceTree = "<group>"; };
		5EB5093C1A8A55B50036D584 /* EHDotLinkedStoryboardSegue.h */ = {isa = PBXFileReference; fileEncoding = 4; lastKnownFileType = sourcecode.c.h; path = EHDotLinkedStoryboardSegue.h; sourceTree = "<group>"; };
		5EB5093D1A8A55B50036D584 /* EHDotLinkedStoryboardSegue.m */ = {isa = PBXFileReference; fileEncoding = 4; lastKnownFileType = sourcecode.c.objc; path = EHDotLinkedStoryboardSegue.m; sourceTree = "<group>"; };
/* End PBXFileReference section */

/* Begin PBXFrameworksBuildPhase section */
		5EB5091C1A8A556C0036D584 /* Frameworks */ = {
			isa = PBXFrameworksBuildPhase;
			buildActionMask = 2147483647;
			files = (
			);
			runOnlyForDeploymentPostprocessing = 0;
		};
		5EB509281A8A556C0036D584 /* Frameworks */ = {
			isa = PBXFrameworksBuildPhase;
			buildActionMask = 2147483647;
			files = (
				5EB5092C1A8A556C0036D584 /* DotLinkedSegue.framework in Frameworks */,
			);
			runOnlyForDeploymentPostprocessing = 0;
		};
/* End PBXFrameworksBuildPhase section */

/* Begin PBXGroup section */
		5EB509161A8A556C0036D584 = {
			isa = PBXGroup;
			children = (
				5EB509221A8A556C0036D584 /* DotLinkedSegue */,
				5EB5092F1A8A556C0036D584 /* DotLinkedSegueTests */,
				5EB509211A8A556C0036D584 /* Products */,
			);
			sourceTree = "<group>";
		};
		5EB509211A8A556C0036D584 /* Products */ = {
			isa = PBXGroup;
			children = (
				5EB509201A8A556C0036D584 /* DotLinkedSegue.framework */,
				5EB5092B1A8A556C0036D584 /* DotLinkedSegueTests.xctest */,
			);
			name = Products;
			sourceTree = "<group>";
		};
		5EB509221A8A556C0036D584 /* DotLinkedSegue */ = {
			isa = PBXGroup;
			children = (
				5EB509251A8A556C0036D584 /* DotLinkedSegue.h */,
				5EB5093C1A8A55B50036D584 /* EHDotLinkedStoryboardSegue.h */,
				5EB5093D1A8A55B50036D584 /* EHDotLinkedStoryboardSegue.m */,
				5EB509231A8A556C0036D584 /* Supporting Files */,
			);
			path = DotLinkedSegue;
			sourceTree = "<group>";
		};
		5EB509231A8A556C0036D584 /* Supporting Files */ = {
			isa = PBXGroup;
			children = (
				5EB509241A8A556C0036D584 /* Info.plist */,
			);
			name = "Supporting Files";
			sourceTree = "<group>";
		};
		5EB5092F1A8A556C0036D584 /* DotLinkedSegueTests */ = {
			isa = PBXGroup;
			children = (
				5EB509321A8A556C0036D584 /* DotLinkedSegueTests.m */,
				5EB509301A8A556C0036D584 /* Supporting Files */,
			);
			path = DotLinkedSegueTests;
			sourceTree = "<group>";
		};
		5EB509301A8A556C0036D584 /* Supporting Files */ = {
			isa = PBXGroup;
			children = (
				5EB509311A8A556C0036D584 /* Info.plist */,
			);
			name = "Supporting Files";
			sourceTree = "<group>";
		};
/* End PBXGroup section */

/* Begin PBXHeadersBuildPhase section */
		5EB5091D1A8A556C0036D584 /* Headers */ = {
			isa = PBXHeadersBuildPhase;
			buildActionMask = 2147483647;
			files = (
				5EB509261A8A556C0036D584 /* DotLinkedSegue.h in Headers */,
				5EB5093E1A8A55B50036D584 /* EHDotLinkedStoryboardSegue.h in Headers */,
			);
			runOnlyForDeploymentPostprocessing = 0;
		};
/* End PBXHeadersBuildPhase section */

/* Begin PBXNativeTarget section */
		5EB5091F1A8A556C0036D584 /* DotLinkedSegue */ = {
			isa = PBXNativeTarget;
			buildConfigurationList = 5EB509361A8A556C0036D584 /* Build configuration list for PBXNativeTarget "DotLinkedSegue" */;
			buildPhases = (
				5EB5091B1A8A556C0036D584 /* Sources */,
				5EB5091C1A8A556C0036D584 /* Frameworks */,
				5EB5091D1A8A556C0036D584 /* Headers */,
				5EB5091E1A8A556C0036D584 /* Resources */,
			);
			buildRules = (
			);
			dependencies = (
			);
			name = DotLinkedSegue;
			productName = DotLinkedSegue;
			productReference = 5EB509201A8A556C0036D584 /* DotLinkedSegue.framework */;
			productType = "com.apple.product-type.framework";
		};
		5EB5092A1A8A556C0036D584 /* DotLinkedSegueTests */ = {
			isa = PBXNativeTarget;
			buildConfigurationList = 5EB509391A8A556C0036D584 /* Build configuration list for PBXNativeTarget "DotLinkedSegueTests" */;
			buildPhases = (
				5EB509271A8A556C0036D584 /* Sources */,
				5EB509281A8A556C0036D584 /* Frameworks */,
				5EB509291A8A556C0036D584 /* Resources */,
			);
			buildRules = (
			);
			dependencies = (
				5EB5092E1A8A556C0036D584 /* PBXTargetDependency */,
			);
			name = DotLinkedSegueTests;
			productName = DotLinkedSegueTests;
			productReference = 5EB5092B1A8A556C0036D584 /* DotLinkedSegueTests.xctest */;
			productType = "com.apple.product-type.bundle.unit-test";
		};
/* End PBXNativeTarget section */

/* Begin PBXProject section */
		5EB509171A8A556C0036D584 /* Project object */ = {
			isa = PBXProject;
			attributes = {
				LastUpgradeCheck = 0610;
				ORGANIZATIONNAME = "Eli Hini";
				TargetAttributes = {
					5EB5091F1A8A556C0036D584 = {
						CreatedOnToolsVersion = 6.1.1;
					};
					5EB5092A1A8A556C0036D584 = {
						CreatedOnToolsVersion = 6.1.1;
					};
				};
			};
			buildConfigurationList = 5EB5091A1A8A556C0036D584 /* Build configuration list for PBXProject "DotLinkedSegue" */;
			compatibilityVersion = "Xcode 3.2";
			developmentRegion = English;
			hasScannedForEncodings = 0;
			knownRegions = (
				en,
			);
			mainGroup = 5EB509161A8A556C0036D584;
			productRefGroup = 5EB509211A8A556C0036D584 /* Products */;
			projectDirPath = "";
			projectRoot = "";
			targets = (
				5EB5091F1A8A556C0036D584 /* DotLinkedSegue */,
				5EB5092A1A8A556C0036D584 /* DotLinkedSegueTests */,
			);
		};
/* End PBXProject section */

/* Begin PBXResourcesBuildPhase section */
		5EB5091E1A8A556C0036D584 /* Resources */ = {
			isa = PBXResourcesBuildPhase;
			buildActionMask = 2147483647;
			files = (
			);
			runOnlyForDeploymentPostprocessing = 0;
		};
		5EB509291A8A556C0036D584 /* Resources */ = {
			isa = PBXResourcesBuildPhase;
			buildActionMask = 2147483647;
			files = (
			);
			runOnlyForDeploymentPostprocessing = 0;
		};
/* End PBXResourcesBuildPhase section */

/* Begin PBXSourcesBuildPhase section */
		5EB5091B1A8A556C0036D584 /* Sources */ = {
			isa = PBXSourcesBuildPhase;
			buildActionMask = 2147483647;
			files = (
				5EB5093F1A8A55B50036D584 /* EHDotLinkedStoryboardSegue.m in Sources */,
			);
			runOnlyForDeploymentPostprocessing = 0;
		};
		5EB509271A8A556C0036D584 /* Sources */ = {
			isa = PBXSourcesBuildPhase;
			buildActionMask = 2147483647;
			files = (
				5EB509331A8A556C0036D584 /* DotLinkedSegueTests.m in Sources */,
			);
			runOnlyForDeploymentPostprocessing = 0;
		};
/* End PBXSourcesBuildPhase section */

/* Begin PBXTargetDependency section */
		5EB5092E1A8A556C0036D584 /* PBXTargetDependency */ = {
			isa = PBXTargetDependency;
			target = 5EB5091F1A8A556C0036D584 /* DotLinkedSegue */;
			targetProxy = 5EB5092D1A8A556C0036D584 /* PBXContainerItemProxy */;
		};
/* End PBXTargetDependency section */

/* Begin XCBuildConfiguration section */
		5EB509341A8A556C0036D584 /* Debug */ = {
			isa = XCBuildConfiguration;
			buildSettings = {
				ALWAYS_SEARCH_USER_PATHS = NO;
				CLANG_CXX_LANGUAGE_STANDARD = "gnu++0x";
				CLANG_CXX_LIBRARY = "libc++";
				CLANG_ENABLE_MODULES = YES;
				CLANG_ENABLE_OBJC_ARC = YES;
				CLANG_WARN_BOOL_CONVERSION = YES;
				CLANG_WARN_CONSTANT_CONVERSION = YES;
				CLANG_WARN_DIRECT_OBJC_ISA_USAGE = YES_ERROR;
				CLANG_WARN_EMPTY_BODY = YES;
				CLANG_WARN_ENUM_CONVERSION = YES;
				CLANG_WARN_INT_CONVERSION = YES;
				CLANG_WARN_OBJC_ROOT_CLASS = YES_ERROR;
				CLANG_WARN_UNREACHABLE_CODE = YES;
				CLANG_WARN__DUPLICATE_METHOD_MATCH = YES;
				"CODE_SIGN_IDENTITY[sdk=iphoneos*]" = "iPhone Developer";
				COPY_PHASE_STRIP = NO;
				CURRENT_PROJECT_VERSION = 1;
				ENABLE_STRICT_OBJC_MSGSEND = YES;
				GCC_C_LANGUAGE_STANDARD = gnu99;
				GCC_DYNAMIC_NO_PIC = NO;
				GCC_OPTIMIZATION_LEVEL = 0;
				GCC_PREPROCESSOR_DEFINITIONS = (
					"DEBUG=1",
					"$(inherited)",
				);
				GCC_SYMBOLS_PRIVATE_EXTERN = NO;
				GCC_WARN_64_TO_32_BIT_CONVERSION = YES;
				GCC_WARN_ABOUT_RETURN_TYPE = YES_ERROR;
				GCC_WARN_UNDECLARED_SELECTOR = YES;
				GCC_WARN_UNINITIALIZED_AUTOS = YES_AGGRESSIVE;
				GCC_WARN_UNUSED_FUNCTION = YES;
				GCC_WARN_UNUSED_VARIABLE = YES;
				IPHONEOS_DEPLOYMENT_TARGET = 8.1;
				MTL_ENABLE_DEBUG_INFO = YES;
				ONLY_ACTIVE_ARCH = YES;
				SDKROOT = iphoneos;
				TARGETED_DEVICE_FAMILY = "1,2";
				VERSIONING_SYSTEM = "apple-generic";
				VERSION_INFO_PREFIX = "";
			};
			name = Debug;
		};
		5EB509351A8A556C0036D584 /* Release */ = {
			isa = XCBuildConfiguration;
			buildSettings = {
				ALWAYS_SEARCH_USER_PATHS = NO;
				CLANG_CXX_LANGUAGE_STANDARD = "gnu++0x";
				CLANG_CXX_LIBRARY = "libc++";
				CLANG_ENABLE_MODULES = YES;
				CLANG_ENABLE_OBJC_ARC = YES;
				CLANG_WARN_BOOL_CONVERSION = YES;
				CLANG_WARN_CONSTANT_CONVERSION = YES;
				CLANG_WARN_DIRECT_OBJC_ISA_USAGE = YES_ERROR;
				CLANG_WARN_EMPTY_BODY = YES;
				CLANG_WARN_ENUM_CONVERSION = YES;
				CLANG_WARN_INT_CONVERSION = YES;
				CLANG_WARN_OBJC_ROOT_CLASS = YES_ERROR;
				CLANG_WARN_UNREACHABLE_CODE = YES;
				CLANG_WARN__DUPLICATE_METHOD_MATCH = YES;
				"CODE_SIGN_IDENTITY[sdk=iphoneos*]" = "iPhone Developer";
				COPY_PHASE_STRIP = YES;
				CURRENT_PROJECT_VERSION = 1;
				ENABLE_NS_ASSERTIONS = NO;
				ENABLE_STRICT_OBJC_MSGSEND = YES;
				GCC_C_LANGUAGE_STANDARD = gnu99;
				GCC_WARN_64_TO_32_BIT_CONVERSION = YES;
				GCC_WARN_ABOUT_RETURN_TYPE = YES_ERROR;
				GCC_WARN_UNDECLARED_SELECTOR = YES;
				GCC_WARN_UNINITIALIZED_AUTOS = YES_AGGRESSIVE;
				GCC_WARN_UNUSED_FUNCTION = YES;
				GCC_WARN_UNUSED_VARIABLE = YES;
				IPHONEOS_DEPLOYMENT_TARGET = 8.1;
				MTL_ENABLE_DEBUG_INFO = NO;
				SDKROOT = iphoneos;
				TARGETED_DEVICE_FAMILY = "1,2";
				VALIDATE_PRODUCT = YES;
				VERSIONING_SYSTEM = "apple-generic";
				VERSION_INFO_PREFIX = "";
			};
			name = Release;
		};
		5EB509371A8A556C0036D584 /* Debug */ = {
			isa = XCBuildConfiguration;
			buildSettings = {
				DEFINES_MODULE = YES;
				DYLIB_COMPATIBILITY_VERSION = 1;
				DYLIB_CURRENT_VERSION = 1;
				DYLIB_INSTALL_NAME_BASE = "@rpath";
				INFOPLIST_FILE = DotLinkedSegue/Info.plist;
				INSTALL_PATH = "$(LOCAL_LIBRARY_DIR)/Frameworks";
				LD_RUNPATH_SEARCH_PATHS = "$(inherited) @executable_path/Frameworks @loader_path/Frameworks";
				PRODUCT_NAME = "$(TARGET_NAME)";
				SKIP_INSTALL = YES;
			};
			name = Debug;
		};
		5EB509381A8A556C0036D584 /* Release */ = {
			isa = XCBuildConfiguration;
			buildSettings = {
				DEFINES_MODULE = YES;
				DYLIB_COMPATIBILITY_VERSION = 1;
				DYLIB_CURRENT_VERSION = 1;
				DYLIB_INSTALL_NAME_BASE = "@rpath";
				INFOPLIST_FILE = DotLinkedSegue/Info.plist;
				INSTALL_PATH = "$(LOCAL_LIBRARY_DIR)/Frameworks";
				LD_RUNPATH_SEARCH_PATHS = "$(inherited) @executable_path/Frameworks @loader_path/Frameworks";
				PRODUCT_NAME = "$(TARGET_NAME)";
				SKIP_INSTALL = YES;
			};
			name = Release;
		};
		5EB5093A1A8A556C0036D584 /* Debug */ = {
			isa = XCBuildConfiguration;
			buildSettings = {
				FRAMEWORK_SEARCH_PATHS = (
					"$(SDKROOT)/Developer/Library/Frameworks",
					"$(inherited)",
				);
				GCC_PREPROCESSOR_DEFINITIONS = (
					"DEBUG=1",
					"$(inherited)",
				);
				INFOPLIST_FILE = DotLinkedSegueTests/Info.plist;
				LD_RUNPATH_SEARCH_PATHS = "$(inherited) @executable_path/Frameworks @loader_path/Frameworks";
				PRODUCT_NAME = "$(TARGET_NAME)";
			};
			name = Debug;
		};
		5EB5093B1A8A556C0036D584 /* Release */ = {
			isa = XCBuildConfiguration;
			buildSettings = {
				FRAMEWORK_SEARCH_PATHS = (
					"$(SDKROOT)/Developer/Library/Frameworks",
					"$(inherited)",
				);
				INFOPLIST_FILE = DotLinkedSegueTests/Info.plist;
				LD_RUNPATH_SEARCH_PATHS = "$(inherited) @executable_path/Frameworks @loader_path/Frameworks";
				PRODUCT_NAME = "$(TARGET_NAME)";
			};
			name = Release;
		};
/* End XCBuildConfiguration section */

/* Begin XCConfigurationList section */
		5EB5091A1A8A556C0036D584 /* Build configuration list for PBXProject "DotLinkedSegue" */ = {
			isa = XCConfigurationList;
			buildConfigurations = (
				5EB509341A8A556C0036D584 /* Debug */,
				5EB509351A8A556C0036D584 /* Release */,
			);
			defaultConfigurationIsVisible = 0;
			defaultConfigurationName = Release;
		};
		5EB509361A8A556C0036D584 /* Build configuration list for PBXNativeTarget "DotLinkedSegue" */ = {
			isa = XCConfigurationList;
			buildConfigurations = (
				5EB509371A8A556C0036D584 /* Debug */,
				5EB509381A8A556C0036D584 /* Release */,
			);
			defaultConfigurationIsVisible = 0;
		};
		5EB509391A8A556C0036D584 /* Build configuration list for PBXNativeTarget "DotLinkedSegueTests" */ = {
			isa = XCConfigurationList;
			buildConfigurations = (
				5EB5093A1A8A556C0036D584 /* Debug */,
				5EB5093B1A8A556C0036D584 /* Release */,
			);
			defaultConfigurationIsVisible = 0;
		};
/* End XCConfigurationList section */
	};
	rootObject = 5EB509171A8A556C0036D584 /* Project object */;
}
